
Microsoft Visual Studio Solution File, Format Version 12.00
# Visual Studio Version 16
VisualStudioVersion = 16.0.30128.74
MinimumVisualStudioVersion = 10.0.40219.1
Project("{FAE04EC0-301F-11D3-BF4B-00C04F79EFBC}") = "Bugnest.WPF", "Bugnest.WPF\Bugnest.WPF.csproj", "{84CFE9EA-B707-4E77-AF94-36C7BFC051AE}"
EndProject
Project("{FAE04EC0-301F-11D3-BF4B-00C04F79EFBC}") = "Bugnest.Lib", "Bugnest.Lib\Bugnest.Lib.csproj", "{21293CD9-0A54-4F15-AECC-6654207A6C31}"
EndProject
Project("{FAE04EC0-301F-11D3-BF4B-00C04F79EFBC}") = "Bugnest.Site", "Bugnest.Site\Bugnest.Site.csproj", "{8FD785FA-AB22-49E5-BF9A-07599CE93C5E}"
EndProject
Project("{FAE04EC0-301F-11D3-BF4B-00C04F79EFBC}") = "Bugnest.Bingwall", "Bugnest.Bingwall\Bugnest.Bingwall.csproj", "{B2CED9F9-2542-4B93-85A8-D1F8554A2682}"
EndProject
Project("{888888A0-9F3D-457C-B088-3A5042F75D52}") = "Bugnest.Pybug", "Bugnest.Pybug\Bugnest.Pybug.pyproj", "{6104624C-2B47-4091-8D0F-048FB615846D}"
EndProject
Project("{FAE04EC0-301F-11D3-BF4B-00C04F79EFBC}") = "Bugnest.WPFGUI", "Bugnest.WPFGUI\Bugnest.WPFGUI.csproj", "{D00E77B9-16CF-4A4C-A757-B00D9CBA5C78}"
EndProject
Project("{888888A0-9F3D-457C-B088-3A5042F75D52}") = "Hello", "Hello\Hello.pyproj", "{51988E41-7096-47BF-ACD2-4B90067DB30F}"
EndProject
Project("{FAE04EC0-301F-11D3-BF4B-00C04F79EFBC}") = "Bugnest.Bugsite", "Bugnest.Bugsite\Bugnest.Bugsite.csproj", "{F15FE43B-03D6-42D9-877B-0F96D5E62273}"
EndProject
Global
	GlobalSection(SolutionConfigurationPlatforms) = preSolution
		Debug|Any CPU = Debug|Any CPU
		Debug|x64 = Debug|x64
		Debug|x86 = Debug|x86
		Release|Any CPU = Release|Any CPU
		Release|x64 = Release|x64
		Release|x86 = Release|x86
	EndGlobalSection
	GlobalSection(ProjectConfigurationPlatforms) = postSolution
		{84CFE9EA-B707-4E77-AF94-36C7BFC051AE}.Debug|Any CPU.ActiveCfg = Debug|Any CPU
		{84CFE9EA-B707-4E77-AF94-36C7BFC051AE}.Debug|Any CPU.Build.0 = Debug|Any CPU
		{84CFE9EA-B707-4E77-AF94-36C7BFC051AE}.Debug|x64.ActiveCfg = Debug|x64
		{84CFE9EA-B707-4E77-AF94-36C7BFC051AE}.Debug|x64.Build.0 = Debug|x64
		{84CFE9EA-B707-4E77-AF94-36C7BFC051AE}.Debug|x86.ActiveCfg = Debug|x86
		{84CFE9EA-B707-4E77-AF94-36C7BFC051AE}.Debug|x86.Build.0 = Debug|x86
		{84CFE9EA-B707-4E77-AF94-36C7BFC051AE}.Release|Any CPU.ActiveCfg = Release|Any CPU
		{84CFE9EA-B707-4E77-AF94-36C7BFC051AE}.Release|Any CPU.Build.0 = Release|Any CPU
		{84CFE9EA-B707-4E77-AF94-36C7BFC051AE}.Release|x64.ActiveCfg = Release|x64
		{84CFE9EA-B707-4E77-AF94-36C7BFC051AE}.Release|x64.Build.0 = Release|x64
		{84CFE9EA-B707-4E77-AF94-36C7BFC051AE}.Release|x86.ActiveCfg = Release|x86
		{84CFE9EA-B707-4E77-AF94-36C7BFC051AE}.Release|x86.Build.0 = Release|x86
		{21293CD9-0A54-4F15-AECC-6654207A6C31}.Debug|Any CPU.ActiveCfg = Debug|Any CPU
		{21293CD9-0A54-4F15-AECC-6654207A6C31}.Debug|Any CPU.Build.0 = Debug|Any CPU
		{21293CD9-0A54-4F15-AECC-6654207A6C31}.Debug|x64.ActiveCfg = Debug|x64
		{21293CD9-0A54-4F15-AECC-6654207A6C31}.Debug|x64.Build.0 = Debug|x64
		{21293CD9-0A54-4F15-AECC-6654207A6C31}.Debug|x86.ActiveCfg = Debug|x86
		{21293CD9-0A54-4F15-AECC-6654207A6C31}.Debug|x86.Build.0 = Debug|x86
		{21293CD9-0A54-4F15-AECC-6654207A6C31}.Release|Any CPU.ActiveCfg = Release|Any CPU
		{21293CD9-0A54-4F15-AECC-6654207A6C31}.Release|Any CPU.Build.0 = Release|Any CPU
		{21293CD9-0A54-4F15-AECC-6654207A6C31}.Release|x64.ActiveCfg = Release|x64
		{21293CD9-0A54-4F15-AECC-6654207A6C31}.Release|x64.Build.0 = Release|x64
		{21293CD9-0A54-4F15-AECC-6654207A6C31}.Release|x86.ActiveCfg = Release|x86
		{21293CD9-0A54-4F15-AECC-6654207A6C31}.Release|x86.Build.0 = Release|x86
		{8FD785FA-AB22-49E5-BF9A-07599CE93C5E}.Debug|Any CPU.ActiveCfg = Debug|Any CPU
		{8FD785FA-AB22-49E5-BF9A-07599CE93C5E}.Debug|Any CPU.Build.0 = Debug|Any CPU
		{8FD785FA-AB22-49E5-BF9A-07599CE93C5E}.Debug|x64.ActiveCfg = Debug|Any CPU
		{8FD785FA-AB22-49E5-BF9A-07599CE93C5E}.Debug|x64.Build.0 = Debug|Any CPU
		{8FD785FA-AB22-49E5-BF9A-07599CE93C5E}.Debug|x86.ActiveCfg = Debug|Any CPU
		{8FD785FA-AB22-49E5-BF9A-07599CE93C5E}.Debug|x86.Build.0 = Debug|Any CPU
		{8FD785FA-AB22-49E5-BF9A-07599CE93C5E}.Release|Any CPU.ActiveCfg = Release|Any CPU
		{8FD785FA-AB22-49E5-BF9A-07599CE93C5E}.Release|Any CPU.Build.0 = Release|Any CPU
		{8FD785FA-AB22-49E5-BF9A-07599CE93C5E}.Release|x64.ActiveCfg = Release|Any CPU
		{8FD785FA-AB22-49E5-BF9A-07599CE93C5E}.Release|x64.Build.0 = Release|Any CPU
		{8FD785FA-AB22-49E5-BF9A-07599CE93C5E}.Release|x86.ActiveCfg = Release|Any CPU
		{8FD785FA-AB22-49E5-BF9A-07599CE93C5E}.Release|x86.Build.0 = Release|Any CPU
		{B2CED9F9-2542-4B93-85A8-D1F8554A2682}.Debug|Any CPU.ActiveCfg = Debug|Any CPU
		{B2CED9F9-2542-4B93-85A8-D1F8554A2682}.Debug|Any CPU.Build.0 = Debug|Any CPU
		{B2CED9F9-2542-4B93-85A8-D1F8554A2682}.Debug|x64.ActiveCfg = Debug|Any CPU
		{B2CED9F9-2542-4B93-85A8-D1F8554A2682}.Debug|x64.Build.0 = Debug|Any CPU
		{B2CED9F9-2542-4B93-85A8-D1F8554A2682}.Debug|x86.ActiveCfg = Debug|Any CPU
		{B2CED9F9-2542-4B93-85A8-D1F8554A2682}.Debug|x86.Build.0 = Debug|Any CPU
		{B2CED9F9-2542-4B93-85A8-D1F8554A2682}.Release|Any CPU.ActiveCfg = Release|Any CPU
		{B2CED9F9-2542-4B93-85A8-D1F8554A2682}.Release|Any CPU.Build.0 = Release|Any CPU
		{B2CED9F9-2542-4B93-85A8-D1F8554A2682}.Release|x64.ActiveCfg = Release|Any CPU
		{B2CED9F9-2542-4B93-85A8-D1F8554A2682}.Release|x64.Build.0 = Release|Any CPU
		{B2CED9F9-2542-4B93-85A8-D1F8554A2682}.Release|x86.ActiveCfg = Release|Any CPU
		{B2CED9F9-2542-4B93-85A8-D1F8554A2682}.Release|x86.Build.0 = Release|Any CPU
		{6104624C-2B47-4091-8D0F-048FB615846D}.Debug|Any CPU.ActiveCfg = Debug|Any CPU
		{6104624C-2B47-4091-8D0F-048FB615846D}.Debug|x64.ActiveCfg = Debug|Any CPU
		{6104624C-2B47-4091-8D0F-048FB615846D}.Debug|x86.ActiveCfg = Debug|Any CPU
		{6104624C-2B47-4091-8D0F-048FB615846D}.Release|Any CPU.ActiveCfg = Release|Any CPU
		{6104624C-2B47-4091-8D0F-048FB615846D}.Release|x64.ActiveCfg = Release|Any CPU
		{6104624C-2B47-4091-8D0F-048FB615846D}.Release|x86.ActiveCfg = Release|Any CPU
		{D00E77B9-16CF-4A4C-A757-B00D9CBA5C78}.Debug|Any CPU.ActiveCfg = Debug|Any CPU
		{D00E77B9-16CF-4A4C-A757-B00D9CBA5C78}.Debug|Any CPU.Build.0 = Debug|Any CPU
		{D00E77B9-16CF-4A4C-A757-B00D9CBA5C78}.Debug|x64.ActiveCfg = Debug|Any CPU
		{D00E77B9-16CF-4A4C-A757-B00D9CBA5C78}.Debug|x64.Build.0 = Debug|Any CPU
		{D00E77B9-16CF-4A4C-A757-B00D9CBA5C78}.Debug|x86.ActiveCfg = Debug|Any CPU
		{D00E77B9-16CF-4A4C-A757-B00D9CBA5C78}.Debug|x86.Build.0 = Debug|Any CPU
		{D00E77B9-16CF-4A4C-A757-B00D9CBA5C78}.Release|Any CPU.ActiveCfg = Release|Any CPU
		{D00E77B9-16CF-4A4C-A757-B00D9CBA5C78}.Release|Any CPU.Build.0 = Release|Any CPU
		{D00E77B9-16CF-4A4C-A757-B00D9CBA5C78}.Release|x64.ActiveCfg = Release|Any CPU
		{D00E77B9-16CF-4A4C-A757-B00D9CBA5C78}.Release|x64.Build.0 = Release|Any CPU
		{D00E77B9-16CF-4A4C-A757-B00D9CBA5C78}.Release|x86.ActiveCfg = Release|Any CPU
		{D00E77B9-16CF-4A4C-A757-B00D9CBA5C78}.Release|x86.Build.0 = Release|Any CPU
		{51988E41-7096-47BF-ACD2-4B90067DB30F}.Debug|Any CPU.ActiveCfg = Debug|Any CPU
		{51988E41-7096-47BF-ACD2-4B90067DB30F}.Debug|x64.ActiveCfg = Debug|Any CPU
		{51988E41-7096-47BF-ACD2-4B90067DB30F}.Debug|x86.ActiveCfg = Debug|Any CPU
		{51988E41-7096-47BF-ACD2-4B90067DB30F}.Release|Any CPU.ActiveCfg = Release|Any CPU
		{51988E41-7096-47BF-ACD2-4B90067DB30F}.Release|x64.ActiveCfg = Release|Any CPU
		{51988E41-7096-47BF-ACD2-4B90067DB30F}.Release|x86.ActiveCfg = Release|Any CPU
		{F15FE43B-03D6-42D9-877B-0F96D5E62273}.Debug|Any CPU.ActiveCfg = Debug|Any CPU
		{F15FE43B-03D6-42D9-877B-0F96D5E62273}.Debug|Any CPU.Build.0 = Debug|Any CPU
		{F15FE43B-03D6-42D9-877B-0F96D5E62273}.Debug|x64.ActiveCfg = Debug|Any CPU
		{F15FE43B-03D6-42D9-877B-0F96D5E62273}.Debug|x64.Build.0 = Debug|Any CPU
		{F15FE43B-03D6-42D9-877B-0F96D5E62273}.Debug|x86.ActiveCfg = Debug|Any CPU
		{F15FE43B-03D6-42D9-877B-0F96D5E62273}.Debug|x86.Build.0 = Debug|Any CPU
		{F15FE43B-03D6-42D9-877B-0F96D5E62273}.Release|Any CPU.ActiveCfg = Release|Any CPU
		{F15FE43B-03D6-42D9-877B-0F96D5E62273}.Release|Any CPU.Build.0 = Release|Any CPU
		{F15FE43B-03D6-42D9-877B-0F96D5E62273}.Release|x64.ActiveCfg = Release|Any CPU
		{F15FE43B-03D6-42D9-877B-0F96D5E62273}.Release|x64.Build.0 = Release|Any CPU
		{F15FE43B-03D6-42D9-877B-0F96D5E62273}.Release|x86.ActiveCfg = Release|Any CPU
		{F15FE43B-03D6-42D9-877B-0F96D5E62273}.Release|x86.Build.0 = Release|Any CPU
	EndGlobalSection
	GlobalSection(SolutionProperties) = preSolution
		HideSolutionNode = FALSE
	EndGlobalSection
	GlobalSection(ExtensibilityGlobals) = postSolution
		SolutionGuid = {147A6A60-FAC4-433A-964A-BBCD3BA5A4D3}
	EndGlobalSection
EndGlobal
